
Microsoft Visual Studio Solution File, Format Version 12.00
# Visual Studio Version 17
VisualStudioVersion = 17.2.32630.192
MinimumVisualStudioVersion = 10.0.40219.1
Project("{FAE04EC0-301F-11D3-BF4B-00C04F79EFBC}") = "ConsoleApp2", "ConsoleApp2\ConsoleApp2.csproj", "{5D08B443-CE96-4DEF-BA01-E33EB085BD28}"
EndProject
Global
	GlobalSection(SolutionConfigurationPlatforms) = preSolution
		Debug|Any CPU = Debug|Any CPU
		Release|Any CPU = Release|Any CPU
	EndGlobalSection
	GlobalSection(ProjectConfigurationPlatforms) = postSolution
		{5D08B443-CE96-4DEF-BA01-E33EB085BD28}.Debug|Any CPU.ActiveCfg = Debug|Any CPU
		{5D08B443-CE96-4DEF-BA01-E33EB085BD28}.Debug|Any CPU.Build.0 = Debug|Any CPU
		{5D08B443-CE96-4DEF-BA01-E33EB085BD28}.Release|Any CPU.ActiveCfg = Release|Any CPU
		{5D08B443-CE96-4DEF-BA01-E33EB085BD28}.Release|Any CPU.Build.0 = Release|Any CPU
	EndGlobalSection
	GlobalSection(SolutionProperties) = preSolution
		HideSolutionNode = FALSE
	EndGlobalSection
	GlobalSection(ExtensibilityGlobals) = postSolution
		SolutionGuid = {EC72EC6B-A7BA-40B7-A8B5-2656D2D7B775}
	EndGlobalSection
EndGlobal
